
Microsoft Visual Studio Solution File, Format Version 12.00
# Visual Studio Version 17
VisualStudioVersion = 17.0.31903.59
MinimumVisualStudioVersion = 10.0.40219.1
Project("{2150E333-8FDC-42A3-9474-1A3956D46DE8}") = "src", "src", "{827E0CD3-B72D-47B6-A68D-7590B98EB39B}"
EndProject
Project("{FAE04EC0-301F-11D3-BF4B-00C04F79EFBC}") = "Ecommerce.Api", "src\Ecommerce.Api\Ecommerce.Api.csproj", "{EB7F53CB-A11C-4BBC-A7CB-089398545B57}"
EndProject
Project("{2150E333-8FDC-42A3-9474-1A3956D46DE8}") = "tests", "tests", "{0AB3BF05-4346-4AA6-1389-037BE0695223}"
EndProject
Project("{FAE04EC0-301F-11D3-BF4B-00C04F79EFBC}") = "Ecommerce.Tests", "tests\Ecommerce.Tests\Ecommerce.Tests.csproj", "{A0363193-75E4-46FB-B40A-025732C65061}"
EndProject
Global
	GlobalSection(SolutionConfigurationPlatforms) = preSolution
		Debug|Any CPU = Debug|Any CPU
		Debug|x64 = Debug|x64
		Debug|x86 = Debug|x86
		Release|Any CPU = Release|Any CPU
		Release|x64 = Release|x64
		Release|x86 = Release|x86
	EndGlobalSection
	GlobalSection(ProjectConfigurationPlatforms) = postSolution
		{EB7F53CB-A11C-4BBC-A7CB-089398545B57}.Debug|Any CPU.ActiveCfg = Debug|Any CPU
		{EB7F53CB-A11C-4BBC-A7CB-089398545B57}.Debug|Any CPU.Build.0 = Debug|Any CPU
		{EB7F53CB-A11C-4BBC-A7CB-089398545B57}.Debug|x64.ActiveCfg = Debug|Any CPU
		{EB7F53CB-A11C-4BBC-A7CB-089398545B57}.Debug|x64.Build.0 = Debug|Any CPU
		{EB7F53CB-A11C-4BBC-A7CB-089398545B57}.Debug|x86.ActiveCfg = Debug|Any CPU
		{EB7F53CB-A11C-4BBC-A7CB-089398545B57}.Debug|x86.Build.0 = Debug|Any CPU
		{EB7F53CB-A11C-4BBC-A7CB-089398545B57}.Release|Any CPU.ActiveCfg = Release|Any CPU
		{EB7F53CB-A11C-4BBC-A7CB-089398545B57}.Release|Any CPU.Build.0 = Release|Any CPU
		{EB7F53CB-A11C-4BBC-A7CB-089398545B57}.Release|x64.ActiveCfg = Release|Any CPU
		{EB7F53CB-A11C-4BBC-A7CB-089398545B57}.Release|x64.Build.0 = Release|Any CPU
		{EB7F53CB-A11C-4BBC-A7CB-089398545B57}.Release|x86.ActiveCfg = Release|Any CPU
		{EB7F53CB-A11C-4BBC-A7CB-089398545B57}.Release|x86.Build.0 = Release|Any CPU
		{A0363193-75E4-46FB-B40A-025732C65061}.Debug|Any CPU.ActiveCfg = Debug|Any CPU
		{A0363193-75E4-46FB-B40A-025732C65061}.Debug|Any CPU.Build.0 = Debug|Any CPU
		{A0363193-75E4-46FB-B40A-025732C65061}.Debug|x64.ActiveCfg = Debug|Any CPU
		{A0363193-75E4-46FB-B40A-025732C65061}.Debug|x64.Build.0 = Debug|Any CPU
		{A0363193-75E4-46FB-B40A-025732C65061}.Debug|x86.ActiveCfg = Debug|Any CPU
		{A0363193-75E4-46FB-B40A-025732C65061}.Debug|x86.Build.0 = Debug|Any CPU
		{A0363193-75E4-46FB-B40A-025732C65061}.Release|Any CPU.ActiveCfg = Release|Any CPU
		{A0363193-75E4-46FB-B40A-025732C65061}.Release|Any CPU.Build.0 = Release|Any CPU
		{A0363193-75E4-46FB-B40A-025732C65061}.Release|x64.ActiveCfg = Release|Any CPU
		{A0363193-75E4-46FB-B40A-025732C65061}.Release|x64.Build.0 = Release|Any CPU
		{A0363193-75E4-46FB-B40A-025732C65061}.Release|x86.ActiveCfg = Release|Any CPU
		{A0363193-75E4-46FB-B40A-025732C65061}.Release|x86.Build.0 = Release|Any CPU
	EndGlobalSection
	GlobalSection(SolutionProperties) = preSolution
		HideSolutionNode = FALSE
	EndGlobalSection
	GlobalSection(NestedProjects) = preSolution
		{EB7F53CB-A11C-4BBC-A7CB-089398545B57} = {827E0CD3-B72D-47B6-A68D-7590B98EB39B}
		{A0363193-75E4-46FB-B40A-025732C65061} = {0AB3BF05-4346-4AA6-1389-037BE0695223}
	EndGlobalSection
EndGlobal
